
Microsoft Visual Studio Solution File, Format Version 12.00
# Visual Studio Version 17
VisualStudioVersion = 17.14.36310.24 d17.14
MinimumVisualStudioVersion = 10.0.40219.1
Project("{FAE04EC0-301F-11D3-BF4B-00C04F79EFBC}") = "AppEmpleadoCrud", "AppEmpleadoCrud\AppEmpleadoCrud.csproj", "{BB32C62D-F393-475E-A0AC-B320070BF70D}"
EndProject
Global
	GlobalSection(SolutionConfigurationPlatforms) = preSolution
		Debug|Any CPU = Debug|Any CPU
		Release|Any CPU = Release|Any CPU
	EndGlobalSection
	GlobalSection(ProjectConfigurationPlatforms) = postSolution
		{BB32C62D-F393-475E-A0AC-B320070BF70D}.Debug|Any CPU.ActiveCfg = Debug|Any CPU
		{BB32C62D-F393-475E-A0AC-B320070BF70D}.Debug|Any CPU.Build.0 = Debug|Any CPU
		{BB32C62D-F393-475E-A0AC-B320070BF70D}.Release|Any CPU.ActiveCfg = Release|Any CPU
		{BB32C62D-F393-475E-A0AC-B320070BF70D}.Release|Any CPU.Build.0 = Release|Any CPU
	EndGlobalSection
	GlobalSection(SolutionProperties) = preSolution
		HideSolutionNode = FALSE
	EndGlobalSection
	GlobalSection(ExtensibilityGlobals) = postSolution
		SolutionGuid = {C5988F35-9520-4D4A-A3C8-6627D36F9FD4}
	EndGlobalSection
EndGlobal
